// !$*UTF8*$!
{
	archiveVersion = 1;
	classes = {
	};
	objectVersion = 50;
	objects = {

/* Begin PBXBuildFile section */
		2F6E97BB21471E6100BE6829 /* PeekViewController.swift in Sources */ = {isa = PBXBuildFile; fileRef = 2F6E97BA21471E6100BE6829 /* PeekViewController.swift */; };
		2F6E97BD2147B5FB00BE6829 /* DetailPhotoViewController.swift in Sources */ = {isa = PBXBuildFile; fileRef = 2F6E97BC2147B5FB00BE6829 /* DetailPhotoViewController.swift */; };
		2F6E97BF2147C04B00BE6829 /* Person.swift in Sources */ = {isa = PBXBuildFile; fileRef = 2F6E97BE2147C04B00BE6829 /* Person.swift */; };
		2F6E97C321484AF900BE6829 /* UserProfileViewController.swift in Sources */ = {isa = PBXBuildFile; fileRef = 2F6E97C221484AF900BE6829 /* UserProfileViewController.swift */; };
		2F6E97C621485F0200BE6829 /* Reachability.swift in Sources */ = {isa = PBXBuildFile; fileRef = 2F6E97C521485F0200BE6829 /* Reachability.swift */; };
		2F9A38AA2146CB3600068A06 /* AppDelegate.swift in Sources */ = {isa = PBXBuildFile; fileRef = 2F9A38A92146CB3600068A06 /* AppDelegate.swift */; };
		2F9A38AF2146CB3600068A06 /* Main.storyboard in Resources */ = {isa = PBXBuildFile; fileRef = 2F9A38AD2146CB3600068A06 /* Main.storyboard */; };
		2F9A38B12146CB3700068A06 /* Assets.xcassets in Resources */ = {isa = PBXBuildFile; fileRef = 2F9A38B02146CB3700068A06 /* Assets.xcassets */; };
		2F9A38B42146CB3700068A06 /* LaunchScreen.storyboard in Resources */ = {isa = PBXBuildFile; fileRef = 2F9A38B22146CB3700068A06 /* LaunchScreen.storyboard */; };
		2F9A38BE2146F08300068A06 /* FlickrViewerViewController.swift in Sources */ = {isa = PBXBuildFile; fileRef = 2F9A38BD2146F08300068A06 /* FlickrViewerViewController.swift */; };
		2F9A38C02146F26C00068A06 /* Photo.swift in Sources */ = {isa = PBXBuildFile; fileRef = 2F9A38BF2146F26C00068A06 /* Photo.swift */; };
		2F9A38C22146F28800068A06 /* Photos.swift in Sources */ = {isa = PBXBuildFile; fileRef = 2F9A38C12146F28800068A06 /* Photos.swift */; };
		2F9A38C42146F29F00068A06 /* FlickrResponse.swift in Sources */ = {isa = PBXBuildFile; fileRef = 2F9A38C32146F29F00068A06 /* FlickrResponse.swift */; };
		2F9A38C72146F73C00068A06 /* Networking.swift in Sources */ = {isa = PBXBuildFile; fileRef = 2F9A38C62146F73C00068A06 /* Networking.swift */; };
		2F9A38C92146F76300068A06 /* Helpers.swift in Sources */ = {isa = PBXBuildFile; fileRef = 2F9A38C82146F76300068A06 /* Helpers.swift */; };
		2F9A38CC2147023000068A06 /* ImageCollectionViewCell.swift in Sources */ = {isa = PBXBuildFile; fileRef = 2F9A38CB2147023000068A06 /* ImageCollectionViewCell.swift */; };
		3E1795DBA9166901CCF1931F /* Pods_ImagEngine.framework in Frameworks */ = {isa = PBXBuildFile; fileRef = C8D0405DC7386467300D52D8 /* Pods_ImagEngine.framework */; };
/* End PBXBuildFile section */

/* Begin PBXFileReference section */
		2F6E97BA21471E6100BE6829 /* PeekViewController.swift */ = {isa = PBXFileReference; lastKnownFileType = sourcecode.swift; path = PeekViewController.swift; sourceTree = "<group>"; };
		2F6E97BC2147B5FB00BE6829 /* DetailPhotoViewController.swift */ = {isa = PBXFileReference; lastKnownFileType = sourcecode.swift; path = DetailPhotoViewController.swift; sourceTree = "<group>"; };
		2F6E97BE2147C04B00BE6829 /* Person.swift */ = {isa = PBXFileReference; lastKnownFileType = sourcecode.swift; path = Person.swift; sourceTree = "<group>"; };
		2F6E97C221484AF900BE6829 /* UserProfileViewController.swift */ = {isa = PBXFileReference; lastKnownFileType = sourcecode.swift; path = UserProfileViewController.swift; sourceTree = "<group>"; };
		2F6E97C521485F0200BE6829 /* Reachability.swift */ = {isa = PBXFileReference; lastKnownFileType = sourcecode.swift; path = Reachability.swift; sourceTree = "<group>"; };
		2F9A38A62146CB3600068A06 /* ImagEngine.app */ = {isa = PBXFileReference; explicitFileType = wrapper.application; includeInIndex = 0; path = ImagEngine.app; sourceTree = BUILT_PRODUCTS_DIR; };
		2F9A38A92146CB3600068A06 /* AppDelegate.swift */ = {isa = PBXFileReference; lastKnownFileType = sourcecode.swift; path = AppDelegate.swift; sourceTree = "<group>"; };
		2F9A38AE2146CB3600068A06 /* Base */ = {isa = PBXFileReference; lastKnownFileType = file.storyboard; name = Base; path = Base.lproj/Main.storyboard; sourceTree = "<group>"; };
		2F9A38B02146CB3700068A06 /* Assets.xcassets */ = {isa = PBXFileReference; lastKnownFileType = folder.assetcatalog; path = Assets.xcassets; sourceTree = "<group>"; };
		2F9A38B32146CB3700068A06 /* Base */ = {isa = PBXFileReference; lastKnownFileType = file.storyboard; name = Base; path = Base.lproj/LaunchScreen.storyboard; sourceTree = "<group>"; };
		2F9A38B52146CB3700068A06 /* Info.plist */ = {isa = PBXFileReference; lastKnownFileType = text.plist.xml; path = Info.plist; sourceTree = "<group>"; };
		2F9A38BD2146F08300068A06 /* FlickrViewerViewController.swift */ = {isa = PBXFileReference; lastKnownFileType = sourcecode.swift; path = FlickrViewerViewController.swift; sourceTree = "<group>"; };
		2F9A38BF2146F26C00068A06 /* Photo.swift */ = {isa = PBXFileReference; lastKnownFileType = sourcecode.swift; path = Photo.swift; sourceTree = "<group>"; };
		2F9A38C12146F28800068A06 /* Photos.swift */ = {isa = PBXFileReference; lastKnownFileType = sourcecode.swift; path = Photos.swift; sourceTree = "<group>"; };
		2F9A38C32146F29F00068A06 /* FlickrResponse.swift */ = {isa = PBXFileReference; lastKnownFileType = sourcecode.swift; path = FlickrResponse.swift; sourceTree = "<group>"; };
		2F9A38C62146F73C00068A06 /* Networking.swift */ = {isa = PBXFileReference; lastKnownFileType = sourcecode.swift; path = Networking.swift; sourceTree = "<group>"; };
		2F9A38C82146F76300068A06 /* Helpers.swift */ = {isa = PBXFileReference; lastKnownFileType = sourcecode.swift; path = Helpers.swift; sourceTree = "<group>"; };
		2F9A38CB2147023000068A06 /* ImageCollectionViewCell.swift */ = {isa = PBXFileReference; lastKnownFileType = sourcecode.swift; path = ImageCollectionViewCell.swift; sourceTree = "<group>"; };
		4BD53127523B00C58C9F0157 /* Pods-ImagEngine.debug.xcconfig */ = {isa = PBXFileReference; includeInIndex = 1; lastKnownFileType = text.xcconfig; name = "Pods-ImagEngine.debug.xcconfig"; path = "Pods/Target Support Files/Pods-ImagEngine/Pods-ImagEngine.debug.xcconfig"; sourceTree = "<group>"; };
		C8D0405DC7386467300D52D8 /* Pods_ImagEngine.framework */ = {isa = PBXFileReference; explicitFileType = wrapper.framework; includeInIndex = 0; path = Pods_ImagEngine.framework; sourceTree = BUILT_PRODUCTS_DIR; };
		DCB99AF5281BC88C40FC3C07 /* Pods-ImagEngine.release.xcconfig */ = {isa = PBXFileReference; includeInIndex = 1; lastKnownFileType = text.xcconfig; name = "Pods-ImagEngine.release.xcconfig"; path = "Pods/Target Support Files/Pods-ImagEngine/Pods-ImagEngine.release.xcconfig"; sourceTree = "<group>"; };
/* End PBXFileReference section */

/* Begin PBXFrameworksBuildPhase section */
		2F9A38A32146CB3600068A06 /* Frameworks */ = {
			isa = PBXFrameworksBuildPhase;
			buildActionMask = 2147483647;
			files = (
				3E1795DBA9166901CCF1931F /* Pods_ImagEngine.framework in Frameworks */,
			);
			runOnlyForDeploymentPostprocessing = 0;
		};
/* End PBXFrameworksBuildPhase section */

/* Begin PBXGroup section */
		2CC9897E32ABB036CB0768F7 /* Pods */ = {
			isa = PBXGroup;
			children = (
				4BD53127523B00C58C9F0157 /* Pods-ImagEngine.debug.xcconfig */,
				DCB99AF5281BC88C40FC3C07 /* Pods-ImagEngine.release.xcconfig */,
			);
			name = Pods;
			sourceTree = "<group>";
		};
		2F9A389D2146CB3600068A06 = {
			isa = PBXGroup;
			children = (
				2F9A38A82146CB3600068A06 /* ImagEngine */,
				2F9A38A72146CB3600068A06 /* Products */,
				2CC9897E32ABB036CB0768F7 /* Pods */,
				C25F9FFEEB524B48EE21324E /* Frameworks */,
			);
			sourceTree = "<group>";
		};
		2F9A38A72146CB3600068A06 /* Products */ = {
			isa = PBXGroup;
			children = (
				2F9A38A62146CB3600068A06 /* ImagEngine.app */,
			);
			name = Products;
			sourceTree = "<group>";
		};
		2F9A38A82146CB3600068A06 /* ImagEngine */ = {
			isa = PBXGroup;
			children = (
				2F9A38C52146F73000068A06 /* Helpers */,
				2F9A38BC2146F07100068A06 /* Models */,
				2F9A38BB2146F06B00068A06 /* ViewControllers */,
				2F9A38A92146CB3600068A06 /* AppDelegate.swift */,
				2F9A38AD2146CB3600068A06 /* Main.storyboard */,
				2F9A38B02146CB3700068A06 /* Assets.xcassets */,
				2F9A38B22146CB3700068A06 /* LaunchScreen.storyboard */,
				2F9A38B52146CB3700068A06 /* Info.plist */,
			);
			path = ImagEngine;
			sourceTree = "<group>";
		};
		2F9A38BB2146F06B00068A06 /* ViewControllers */ = {
			isa = PBXGroup;
			children = (
				2F9A38CA2147021400068A06 /* Cells */,
				2F9A38BD2146F08300068A06 /* FlickrViewerViewController.swift */,
				2F6E97BA21471E6100BE6829 /* PeekViewController.swift */,
				2F6E97BC2147B5FB00BE6829 /* DetailPhotoViewController.swift */,
				2F6E97C221484AF900BE6829 /* UserProfileViewController.swift */,
			);
			path = ViewControllers;
			sourceTree = "<group>";
		};
		2F9A38BC2146F07100068A06 /* Models */ = {
			isa = PBXGroup;
			children = (
				2F9A38BF2146F26C00068A06 /* Photo.swift */,
				2F9A38C12146F28800068A06 /* Photos.swift */,
				2F9A38C32146F29F00068A06 /* FlickrResponse.swift */,
				2F6E97BE2147C04B00BE6829 /* Person.swift */,
			);
			path = Models;
			sourceTree = "<group>";
		};
		2F9A38C52146F73000068A06 /* Helpers */ = {
			isa = PBXGroup;
			children = (
				2F9A38C62146F73C00068A06 /* Networking.swift */,
				2F9A38C82146F76300068A06 /* Helpers.swift */,
				2F6E97C521485F0200BE6829 /* Reachability.swift */,
			);
			path = Helpers;
			sourceTree = "<group>";
		};
		2F9A38CA2147021400068A06 /* Cells */ = {
			isa = PBXGroup;
			children = (
				2F9A38CB2147023000068A06 /* ImageCollectionViewCell.swift */,
			);
			path = Cells;
			sourceTree = "<group>";
		};
		C25F9FFEEB524B48EE21324E /* Frameworks */ = {
			isa = PBXGroup;
			children = (
				C8D0405DC7386467300D52D8 /* Pods_ImagEngine.framework */,
			);
			name = Frameworks;
			sourceTree = "<group>";
		};
/* End PBXGroup section */

/* Begin PBXNativeTarget section */
		2F9A38A52146CB3600068A06 /* ImagEngine */ = {
			isa = PBXNativeTarget;
			buildConfigurationList = 2F9A38B82146CB3700068A06 /* Build configuration list for PBXNativeTarget "ImagEngine" */;
			buildPhases = (
				5E9B90B94F2CF471AE12B805 /* [CP] Check Pods Manifest.lock */,
				2F9A38A22146CB3600068A06 /* Sources */,
				2F9A38A32146CB3600068A06 /* Frameworks */,
				2F9A38A42146CB3600068A06 /* Resources */,
				97EB44DA42504B5E6C02C5DA /* [CP] Embed Pods Frameworks */,
			);
			buildRules = (
			);
			dependencies = (
			);
			name = ImagEngine;
			productName = ImagEngine;
			productReference = 2F9A38A62146CB3600068A06 /* ImagEngine.app */;
			productType = "com.apple.product-type.application";
		};
/* End PBXNativeTarget section */

/* Begin PBXProject section */
		2F9A389E2146CB3600068A06 /* Project object */ = {
			isa = PBXProject;
			attributes = {
				LastSwiftUpdateCheck = 0940;
				LastUpgradeCheck = 0940;
				ORGANIZATIONNAME = mzellhuber;
				TargetAttributes = {
					2F9A38A52146CB3600068A06 = {
						CreatedOnToolsVersion = 9.4.1;
					};
				};
			};
			buildConfigurationList = 2F9A38A12146CB3600068A06 /* Build configuration list for PBXProject "ImagEngine" */;
			compatibilityVersion = "Xcode 9.3";
			developmentRegion = en;
			hasScannedForEncodings = 0;
			knownRegions = (
				en,
				Base,
			);
			mainGroup = 2F9A389D2146CB3600068A06;
			productRefGroup = 2F9A38A72146CB3600068A06 /* Products */;
			projectDirPath = "";
			projectRoot = "";
			targets = (
				2F9A38A52146CB3600068A06 /* ImagEngine */,
			);
		};
/* End PBXProject section */

/* Begin PBXResourcesBuildPhase section */
		2F9A38A42146CB3600068A06 /* Resources */ = {
			isa = PBXResourcesBuildPhase;
			buildActionMask = 2147483647;
			files = (
				2F9A38B42146CB3700068A06 /* LaunchScreen.storyboard in Resources */,
				2F9A38B12146CB3700068A06 /* Assets.xcassets in Resources */,
				2F9A38AF2146CB3600068A06 /* Main.storyboard in Resources */,
			);
			runOnlyForDeploymentPostprocessing = 0;
		};
/* End PBXResourcesBuildPhase section */

/* Begin PBXShellScriptBuildPhase section */
		5E9B90B94F2CF471AE12B805 /* [CP] Check Pods Manifest.lock */ = {
			isa = PBXShellScriptBuildPhase;
			buildActionMask = 2147483647;
			files = (
			);
			inputPaths = (
				"${PODS_PODFILE_DIR_PATH}/Podfile.lock",
				"${PODS_ROOT}/Manifest.lock",
			);
			name = "[CP] Check Pods Manifest.lock";
			outputPaths = (
				"$(DERIVED_FILE_DIR)/Pods-ImagEngine-checkManifestLockResult.txt",
			);
			runOnlyForDeploymentPostprocessing = 0;
			shellPath = /bin/sh;
			shellScript = "diff \"${PODS_PODFILE_DIR_PATH}/Podfile.lock\" \"${PODS_ROOT}/Manifest.lock\" > /dev/null\nif [ $? != 0 ] ; then\n    # print error to STDERR\n    echo \"error: The sandbox is not in sync with the Podfile.lock. Run 'pod install' or update your CocoaPods installation.\" >&2\n    exit 1\nfi\n# This output is used by Xcode 'outputs' to avoid re-running this script phase.\necho \"SUCCESS\" > \"${SCRIPT_OUTPUT_FILE_0}\"\n";
			showEnvVarsInLog = 0;
		};
		97EB44DA42504B5E6C02C5DA /* [CP] Embed Pods Frameworks */ = {
			isa = PBXShellScriptBuildPhase;
			buildActionMask = 2147483647;
			files = (
			);
			inputPaths = (
				"${SRCROOT}/Pods/Target Support Files/Pods-ImagEngine/Pods-ImagEngine-frameworks.sh",
				"${BUILT_PRODUCTS_DIR}/MBProgressHUD/MBProgressHUD.framework",
				"${BUILT_PRODUCTS_DIR}/TBEmptyDataSet/TBEmptyDataSet.framework",
			);
			name = "[CP] Embed Pods Frameworks";
			outputPaths = (
				"${TARGET_BUILD_DIR}/${FRAMEWORKS_FOLDER_PATH}/MBProgressHUD.framework",
				"${TARGET_BUILD_DIR}/${FRAMEWORKS_FOLDER_PATH}/TBEmptyDataSet.framework",
			);
			runOnlyForDeploymentPostprocessing = 0;
			shellPath = /bin/sh;
			shellScript = "\"${SRCROOT}/Pods/Target Support Files/Pods-ImagEngine/Pods-ImagEngine-frameworks.sh\"\n";
			showEnvVarsInLog = 0;
		};
/* End PBXShellScriptBuildPhase section */

/* Begin PBXSourcesBuildPhase section */
		2F9A38A22146CB3600068A06 /* Sources */ = {
			isa = PBXSourcesBuildPhase;
			buildActionMask = 2147483647;
			files = (
				2F9A38C22146F28800068A06 /* Photos.swift in Sources */,
				2F6E97C321484AF900BE6829 /* UserProfileViewController.swift in Sources */,
				2F9A38C92146F76300068A06 /* Helpers.swift in Sources */,
				2F6E97BD2147B5FB00BE6829 /* DetailPhotoViewController.swift in Sources */,
				2F9A38CC2147023000068A06 /* ImageCollectionViewCell.swift in Sources */,
				2F6E97BF2147C04B00BE6829 /* Person.swift in Sources */,
				2F9A38C02146F26C00068A06 /* Photo.swift in Sources */,
				2F9A38C42146F29F00068A06 /* FlickrResponse.swift in Sources */,
				2F6E97BB21471E6100BE6829 /* PeekViewController.swift in Sources */,
				2F9A38C72146F73C00068A06 /* Networking.swift in Sources */,
				2F9A38AA2146CB3600068A06 /* AppDelegate.swift in Sources */,
				2F9A38BE2146F08300068A06 /* FlickrViewerViewController.swift in Sources */,
				2F6E97C621485F0200BE6829 /* Reachability.swift in Sources */,
			);
			runOnlyForDeploymentPostprocessing = 0;
		};
/* End PBXSourcesBuildPhase section */

/* Begin PBXVariantGroup section */
		2F9A38AD2146CB3600068A06 /* Main.storyboard */ = {
			isa = PBXVariantGroup;
			children = (
				2F9A38AE2146CB3600068A06 /* Base */,
			);
			name = Main.storyboard;
			sourceTree = "<group>";
		};
		2F9A38B22146CB3700068A06 /* LaunchScreen.storyboard */ = {
			isa = PBXVariantGroup;
			children = (
				2F9A38B32146CB3700068A06 /* Base */,
			);
			name = LaunchScreen.storyboard;
			sourceTree = "<group>";
		};
/* End PBXVariantGroup section */

/* Begin XCBuildConfiguration section */
		2F9A38B62146CB3700068A06 /* Debug */ = {
			isa = XCBuildConfiguration;
			buildSettings = {
				ALWAYS_SEARCH_USER_PATHS = NO;
				CLANG_ANALYZER_NONNULL = YES;
				CLANG_ANALYZER_NUMBER_OBJECT_CONVERSION = YES_AGGRESSIVE;
				CLANG_CXX_LANGUAGE_STANDARD = "gnu++14";
				CLANG_CXX_LIBRARY = "libc++";
				CLANG_ENABLE_MODULES = YES;
				CLANG_ENABLE_OBJC_ARC = YES;
				CLANG_ENABLE_OBJC_WEAK = YES;
				CLANG_WARN_BLOCK_CAPTURE_AUTORELEASING = YES;
				CLANG_WARN_BOOL_CONVERSION = YES;
				CLANG_WARN_COMMA = YES;
				CLANG_WARN_CONSTANT_CONVERSION = YES;
				CLANG_WARN_DEPRECATED_OBJC_IMPLEMENTATIONS = YES;
				CLANG_WARN_DIRECT_OBJC_ISA_USAGE = YES_ERROR;
				CLANG_WARN_DOCUMENTATION_COMMENTS = YES;
				CLANG_WARN_EMPTY_BODY = YES;
				CLANG_WARN_ENUM_CONVERSION = YES;
				CLANG_WARN_INFINITE_RECURSION = YES;
				CLANG_WARN_INT_CONVERSION = YES;
				CLANG_WARN_NON_LITERAL_NULL_CONVERSION = YES;
				CLANG_WARN_OBJC_IMPLICIT_RETAIN_SELF = YES;
				CLANG_WARN_OBJC_LITERAL_CONVERSION = YES;
				CLANG_WARN_OBJC_ROOT_CLASS = YES_ERROR;
				CLANG_WARN_RANGE_LOOP_ANALYSIS = YES;
				CLANG_WARN_STRICT_PROTOTYPES = YES;
				CLANG_WARN_SUSPICIOUS_MOVE = YES;
				CLANG_WARN_UNGUARDED_AVAILABILITY = YES_AGGRESSIVE;
				CLANG_WARN_UNREACHABLE_CODE = YES;
				CLANG_WARN__DUPLICATE_METHOD_MATCH = YES;
				CODE_SIGN_IDENTITY = "iPhone Developer";
				COPY_PHASE_STRIP = NO;
				DEBUG_INFORMATION_FORMAT = dwarf;
				ENABLE_STRICT_OBJC_MSGSEND = YES;
				ENABLE_TESTABILITY = YES;
				GCC_C_LANGUAGE_STANDARD = gnu11;
				GCC_DYNAMIC_NO_PIC = NO;
				GCC_NO_COMMON_BLOCKS = YES;
				GCC_OPTIMIZATION_LEVEL = 0;
				GCC_PREPROCESSOR_DEFINITIONS = (
					"DEBUG=1",
					"$(inherited)",
				);
				GCC_WARN_64_TO_32_BIT_CONVERSION = YES;
				GCC_WARN_ABOUT_RETURN_TYPE = YES_ERROR;
				GCC_WARN_UNDECLARED_SELECTOR = YES;
				GCC_WARN_UNINITIALIZED_AUTOS = YES_AGGRESSIVE;
				GCC_WARN_UNUSED_FUNCTION = YES;
				GCC_WARN_UNUSED_VARIABLE = YES;
				IPHONEOS_DEPLOYMENT_TARGET = 11.4;
				MTL_ENABLE_DEBUG_INFO = YES;
				ONLY_ACTIVE_ARCH = YES;
				SDKROOT = iphoneos;
				SWIFT_ACTIVE_COMPILATION_CONDITIONS = DEBUG;
				SWIFT_OPTIMIZATION_LEVEL = "-Onone";
			};
			name = Debug;
		};
		2F9A38B72146CB3700068A06 /* Release */ = {
			isa = XCBuildConfiguration;
			buildSettings = {
				ALWAYS_SEARCH_USER_PATHS = NO;
				CLANG_ANALYZER_NONNULL = YES;
				CLANG_ANALYZER_NUMBER_OBJECT_CONVERSION = YES_AGGRESSIVE;
				CLANG_CXX_LANGUAGE_STANDARD = "gnu++14";
				CLANG_CXX_LIBRARY = "libc++";
				CLANG_ENABLE_MODULES = YES;
				CLANG_ENABLE_OBJC_ARC = YES;
				CLANG_ENABLE_OBJC_WEAK = YES;
				CLANG_WARN_BLOCK_CAPTURE_AUTORELEASING = YES;
				CLANG_WARN_BOOL_CONVERSION = YES;
				CLANG_WARN_COMMA = YES;
				CLANG_WARN_CONSTANT_CONVERSION = YES;
				CLANG_WARN_DEPRECATED_OBJC_IMPLEMENTATIONS = YES;
				CLANG_WARN_DIRECT_OBJC_ISA_USAGE = YES_ERROR;
				CLANG_WARN_DOCUMENTATION_COMMENTS = YES;
				CLANG_WARN_EMPTY_BODY = YES;
				CLANG_WARN_ENUM_CONVERSION = YES;
				CLANG_WARN_INFINITE_RECURSION = YES;
				CLANG_WARN_INT_CONVERSION = YES;
				CLANG_WARN_NON_LITERAL_NULL_CONVERSION = YES;
				CLANG_WARN_OBJC_IMPLICIT_RETAIN_SELF = YES;
				CLANG_WARN_OBJC_LITERAL_CONVERSION = YES;
				CLANG_WARN_OBJC_ROOT_CLASS = YES_ERROR;
				CLANG_WARN_RANGE_LOOP_ANALYSIS = YES;
				CLANG_WARN_STRICT_PROTOTYPES = YES;
				CLANG_WARN_SUSPICIOUS_MOVE = YES;
				CLANG_WARN_UNGUARDED_AVAILABILITY = YES_AGGRESSIVE;
				CLANG_WARN_UNREACHABLE_CODE = YES;
				CLANG_WARN__DUPLICATE_METHOD_MATCH = YES;
				CODE_SIGN_IDENTITY = "iPhone Developer";
				COPY_PHASE_STRIP = NO;
				DEBUG_INFORMATION_FORMAT = "dwarf-with-dsym";
				ENABLE_NS_ASSERTIONS = NO;
				ENABLE_STRICT_OBJC_MSGSEND = YES;
				GCC_C_LANGUAGE_STANDARD = gnu11;
				GCC_NO_COMMON_BLOCKS = YES;
				GCC_WARN_64_TO_32_BIT_CONVERSION = YES;
				GCC_WARN_ABOUT_RETURN_TYPE = YES_ERROR;
				GCC_WARN_UNDECLARED_SELECTOR = YES;
				GCC_WARN_UNINITIALIZED_AUTOS = YES_AGGRESSIVE;
				GCC_WARN_UNUSED_FUNCTION = YES;
				GCC_WARN_UNUSED_VARIABLE = YES;
				IPHONEOS_DEPLOYMENT_TARGET = 11.4;
				MTL_ENABLE_DEBUG_INFO = NO;
				SDKROOT = iphoneos;
				SWIFT_COMPILATION_MODE = wholemodule;
				SWIFT_OPTIMIZATION_LEVEL = "-O";
				VALIDATE_PRODUCT = YES;
			};
			name = Release;
		};
		2F9A38B92146CB3700068A06 /* Debug */ = {
			isa = XCBuildConfiguration;
			baseConfigurationReference = 4BD53127523B00C58C9F0157 /* Pods-ImagEngine.debug.xcconfig */;
			buildSettings = {
				ASSETCATALOG_COMPILER_APPICON_NAME = AppIcon;
				CODE_SIGN_STYLE = Automatic;
				DEVELOPMENT_TEAM = 43YNTSV8S4;
				INFOPLIST_FILE = ImagEngine/Info.plist;
				LD_RUNPATH_SEARCH_PATHS = (
					"$(inherited)",
					"@executable_path/Frameworks",
				);
				PRODUCT_BUNDLE_IDENTIFIER = mzellhuber.ImagEngine;
				PRODUCT_NAME = "$(TARGET_NAME)";
				SWIFT_VERSION = 4.0;
				TARGETED_DEVICE_FAMILY = "1,2";
			};
			name = Debug;
		};
		2F9A38BA2146CB3700068A06 /* Release */ = {
			isa = XCBuildConfiguration;
			baseConfigurationReference = DCB99AF5281BC88C40FC3C07 /* Pods-ImagEngine.release.xcconfig */;
			buildSettings = {
				ASSETCATALOG_COMPILER_APPICON_NAME = AppIcon;
				CODE_SIGN_STYLE = Automatic;
				DEVELOPMENT_TEAM = 43YNTSV8S4;
				INFOPLIST_FILE = ImagEngine/Info.plist;
				LD_RUNPATH_SEARCH_PATHS = (
					"$(inherited)",
					"@executable_path/Frameworks",
				);
				PRODUCT_BUNDLE_IDENTIFIER = mzellhuber.ImagEngine;
				PRODUCT_NAME = "$(TARGET_NAME)";
				SWIFT_VERSION = 4.0;
				TARGETED_DEVICE_FAMILY = "1,2";
			};
			name = Release;
		};
/* End XCBuildConfiguration section */

/* Begin XCConfigurationList section */
		2F9A38A12146CB3600068A06 /* Build configuration list for PBXProject "ImagEngine" */ = {
			isa = XCConfigurationList;
			buildConfigurations = (
				2F9A38B62146CB3700068A06 /* Debug */,
				2F9A38B72146CB3700068A06 /* Release */,
			);
			defaultConfigurationIsVisible = 0;
			defaultConfigurationName = Release;
		};
		2F9A38B82146CB3700068A06 /* Build configuration list for PBXNativeTarget "ImagEngine" */ = {
			isa = XCConfigurationList;
			buildConfigurations = (
				2F9A38B92146CB3700068A06 /* Debug */,
				2F9A38BA2146CB3700068A06 /* Release */,
			);
			defaultConfigurationIsVisible = 0;
			defaultConfigurationName = Release;
		};
/* End XCConfigurationList section */
	};
	rootObject = 2F9A389E2146CB3600068A06 /* Project object */;
}
